
Microsoft Visual Studio Solution File, Format Version 12.00
# Visual Studio 2013
VisualStudioVersion = 12.0.0.0
MinimumVisualStudioVersion = 10.0.0.1
Project("{FAE04EC0-301F-11D3-BF4B-00C04F79EFBC}") = "Recipes.TelegramBot", "Recipes.TelegramBot/Recipes.TelegramBot.csproj", "{AF4104B1-BB5B-4DF3-91A9-BC2AC4A4A640}"
EndProject
Project("{FAE04EC0-301F-11D3-BF4B-00C04F79EFBC}") = "Recipes.ObjectModel", "Recipes.ObjectModel\Recipes.ObjectModel.csproj", "{40E688D5-13E8-4D30-88A9-280C90377908}"
EndProject
Project("{FAE04EC0-301F-11D3-BF4B-00C04F79EFBC}") = "Recipes.DataLayer", "Recipes.DataLayer\Recipes.DataLayer.csproj", "{9EC9F921-6E82-4A4F-B42E-5D89ECD8E8C6}"
EndProject
Global
	GlobalSection(SolutionConfigurationPlatforms) = preSolution
		Debug|Any CPU = Debug|Any CPU
		Release|Any CPU = Release|Any CPU
	EndGlobalSection
	GlobalSection(ProjectConfigurationPlatforms) = postSolution
		{AF4104B1-BB5B-4DF3-91A9-BC2AC4A4A640}.Debug|Any CPU.ActiveCfg = Debug|Any CPU
		{AF4104B1-BB5B-4DF3-91A9-BC2AC4A4A640}.Debug|Any CPU.Build.0 = Debug|Any CPU
		{AF4104B1-BB5B-4DF3-91A9-BC2AC4A4A640}.Release|Any CPU.ActiveCfg = Release|Any CPU
		{AF4104B1-BB5B-4DF3-91A9-BC2AC4A4A640}.Release|Any CPU.Build.0 = Release|Any CPU
		{40E688D5-13E8-4D30-88A9-280C90377908}.Debug|Any CPU.ActiveCfg = Debug|Any CPU
		{40E688D5-13E8-4D30-88A9-280C90377908}.Debug|Any CPU.Build.0 = Debug|Any CPU
		{40E688D5-13E8-4D30-88A9-280C90377908}.Release|Any CPU.ActiveCfg = Release|Any CPU
		{40E688D5-13E8-4D30-88A9-280C90377908}.Release|Any CPU.Build.0 = Release|Any CPU
		{9EC9F921-6E82-4A4F-B42E-5D89ECD8E8C6}.Debug|Any CPU.ActiveCfg = Debug|Any CPU
		{9EC9F921-6E82-4A4F-B42E-5D89ECD8E8C6}.Debug|Any CPU.Build.0 = Debug|Any CPU
		{9EC9F921-6E82-4A4F-B42E-5D89ECD8E8C6}.Release|Any CPU.ActiveCfg = Release|Any CPU
		{9EC9F921-6E82-4A4F-B42E-5D89ECD8E8C6}.Release|Any CPU.Build.0 = Release|Any CPU
	EndGlobalSection
	GlobalSection(SolutionProperties) = preSolution
		HideSolutionNode = FALSE
	EndGlobalSection
EndGlobal
